PODS:
  - JuLayout/LayoutObjC (1.0)
  - JuPhoto (1.0):
    - JuPhoto/Core (= 1.0)
    - JuPhoto/Resources (= 1.0)
  - JuPhoto/Core (1.0):
    - JuPhoto/Core/Deal (= 1.0)
    - JuPhoto/Core/JuDocument (= 1.0)
    - JuPhoto/Core/JuPhotos (= 1.0)
    - JuPhoto/Core/JuZoomImage (= 1.0)
  - JuPhoto/Core/Deal (1.0)
  - JuPhoto/Core/JuDocument (1.0)
  - JuPhoto/Core/JuPhotos (1.0)
  - JuPhoto/Core/JuZoomImage (1.0)
  - JuPhoto/Resources (1.0)

DEPENDENCIES:
  - JuLayout/LayoutObjC (from `https://github.com/jutewei/JuLayout.git`, branch `master`)
  - JuPhoto (from `./`)

EXTERNAL SOURCES:
  JuLayout:
    :branch: master
    :git: https://github.com/jutewei/JuLayout.git
  JuPhoto:
    :path: "./"

CHECKOUT OPTIONS:
  JuLayout:
    :commit: 8e4bc69f648fb29b7317fb1ed4d69a479388ee7f
    :git: https://github.com/jutewei/JuLayout.git

SPEC CHECKSUMS:
  JuLayout: d481e19acfcbcfd9a3b471392ad985020795dd91
  JuPhoto: e30f56fed62b5894f6ca50fb31a7142343dcc15b

PODFILE CHECKSUM: 955a2dd6bf8fe8870d2d8f2b300582aa97752831

COCOAPODS: 1.10.1
